// !$*UTF8*$!
{
	archiveVersion = 1;
	classes = {
	};
	objectVersion = 50;
	objects = {

/* Begin PBXBuildFile section */
		82C0CC00222581D600E31FAE /* AppDelegate.m in Sources */ = {isa = PBXBuildFile; fileRef = 82C0CBFF222581D600E31FAE /* AppDelegate.m */; };
		82C0CC03222581D600E31FAE /* ViewController.m in Sources */ = {isa = PBXBuildFile; fileRef = 82C0CC02222581D600E31FAE /* ViewController.m */; };
		82C0CC05222581D700E31FAE /* Assets.xcassets in Resources */ = {isa = PBXBuildFile; fileRef = 82C0CC04222581D700E31FAE /* Assets.xcassets */; };
		82C0CC08222581D700E31FAE /* Main.storyboard in Resources */ = {isa = PBXBuildFile; fileRef = 82C0CC06222581D700E31FAE /* Main.storyboard */; };
		82C0CC0B222581D700E31FAE /* main.m in Sources */ = {isa = PBXBuildFile; fileRef = 82C0CC0A222581D700E31FAE /* main.m */; };
/* End PBXBuildFile section */

/* Begin PBXFileReference section */
		82C0CBFB222581D600E31FAE /* Executeshellcommond.app */ = {isa = PBXFileReference; explicitFileType = wrapper.application; includeInIndex = 0; path = Executeshellcommond.app; sourceTree = BUILT_PRODUCTS_DIR; };
		82C0CBFE222581D600E31FAE /* AppDelegate.h */ = {isa = PBXFileReference; lastKnownFileType = sourcecode.c.h; path = AppDelegate.h; sourceTree = "<group>"; };
		82C0CBFF222581D600E31FAE /* AppDelegate.m */ = {isa = PBXFileReference; lastKnownFileType = sourcecode.c.objc; path = AppDelegate.m; sourceTree = "<group>"; };
		82C0CC01222581D600E31FAE /* ViewController.h */ = {isa = PBXFileReference; lastKnownFileType = sourcecode.c.h; path = ViewController.h; sourceTree = "<group>"; };
		82C0CC02222581D600E31FAE /* ViewController.m */ = {isa = PBXFileReference; lastKnownFileType = sourcecode.c.objc; path = ViewController.m; sourceTree = "<group>"; };
		82C0CC04222581D700E31FAE /* Assets.xcassets */ = {isa = PBXFileReference; lastKnownFileType = folder.assetcatalog; path = Assets.xcassets; sourceTree = "<group>"; };
		82C0CC07222581D700E31FAE /* Base */ = {isa = PBXFileReference; lastKnownFileType = file.storyboard; name = Base; path = Base.lproj/Main.storyboard; sourceTree = "<group>"; };
		82C0CC09222581D700E31FAE /* Info.plist */ = {isa = PBXFileReference; lastKnownFileType = text.plist.xml; path = Info.plist; sourceTree = "<group>"; };
		82C0CC0A222581D700E31FAE /* main.m */ = {isa = PBXFileReference; lastKnownFileType = sourcecode.c.objc; path = main.m; sourceTree = "<group>"; };
		82C0CC0C222581D700E31FAE /* Executeshellcommond.entitlements */ = {isa = PBXFileReference; lastKnownFileType = text.plist.entitlements; path = Executeshellcommond.entitlements; sourceTree = "<group>"; };
/* End PBXFileReference section */

/* Begin PBXFrameworksBuildPhase section */
		82C0CBF8222581D600E31FAE /* Frameworks */ = {
			isa = PBXFrameworksBuildPhase;
			buildActionMask = 2147483647;
			files = (
			);
			runOnlyForDeploymentPostprocessing = 0;
		};
/* End PBXFrameworksBuildPhase section */

/* Begin PBXGroup section */
		82C0CBF2222581D600E31FAE = {
			isa = PBXGroup;
			children = (
				82C0CBFD222581D600E31FAE /* Executeshellcommond */,
				82C0CBFC222581D600E31FAE /* Products */,
			);
			sourceTree = "<group>";
		};
		82C0CBFC222581D600E31FAE /* Products */ = {
			isa = PBXGroup;
			children = (
				82C0CBFB222581D600E31FAE /* Executeshellcommond.app */,
			);
			name = Products;
			sourceTree = "<group>";
		};
		82C0CBFD222581D600E31FAE /* Executeshellcommond */ = {
			isa = PBXGroup;
			children = (
				82C0CBFE222581D600E31FAE /* AppDelegate.h */,
				82C0CBFF222581D600E31FAE /* AppDelegate.m */,
				82C0CC01222581D600E31FAE /* ViewController.h */,
				82C0CC02222581D600E31FAE /* ViewController.m */,
				82C0CC04222581D700E31FAE /* Assets.xcassets */,
				82C0CC06222581D700E31FAE /* Main.storyboard */,
				82C0CC09222581D700E31FAE /* Info.plist */,
				82C0CC0A222581D700E31FAE /* main.m */,
				82C0CC0C222581D700E31FAE /* Executeshellcommond.entitlements */,
			);
			path = Executeshellcommond;
			sourceTree = "<group>";
		};
/* End PBXGroup section */

/* Begin PBXNativeTarget section */
		82C0CBFA222581D600E31FAE /* Executeshellcommond */ = {
			isa = PBXNativeTarget;
			buildConfigurationList = 82C0CC0F222581D700E31FAE /* Build configuration list for PBXNativeTarget "Executeshellcommond" */;
			buildPhases = (
				82C0CBF7222581D600E31FAE /* Sources */,
				82C0CBF8222581D600E31FAE /* Frameworks */,
				82C0CBF9222581D600E31FAE /* Resources */,
			);
			buildRules = (
			);
			dependencies = (
			);
			name = Executeshellcommond;
			productName = Executeshellcommond;
			productReference = 82C0CBFB222581D600E31FAE /* Executeshellcommond.app */;
			productType = "com.apple.product-type.application";
		};
/* End PBXNativeTarget section */

/* Begin PBXProject section */
		82C0CBF3222581D600E31FAE /* Project object */ = {
			isa = PBXProject;
			attributes = {
				LastUpgradeCheck = 1010;
				ORGANIZATIONNAME = ludy;
				TargetAttributes = {
					82C0CBFA222581D600E31FAE = {
						CreatedOnToolsVersion = 10.1;
					};
				};
			};
			buildConfigurationList = 82C0CBF6222581D600E31FAE /* Build configuration list for PBXProject "Executeshellcommond" */;
			compatibilityVersion = "Xcode 9.3";
			developmentRegion = en;
			hasScannedForEncodings = 0;
			knownRegions = (
				en,
				Base,
			);
			mainGroup = 82C0CBF2222581D600E31FAE;
			productRefGroup = 82C0CBFC222581D600E31FAE /* Products */;
			projectDirPath = "";
			projectRoot = "";
			targets = (
				82C0CBFA222581D600E31FAE /* Executeshellcommond */,
			);
		};
/* End PBXProject section */

/* Begin PBXResourcesBuildPhase section */
		82C0CBF9222581D600E31FAE /* Resources */ = {
			isa = PBXResourcesBuildPhase;
			buildActionMask = 2147483647;
			files = (
				82C0CC05222581D700E31FAE /* Assets.xcassets in Resources */,
				82C0CC08222581D700E31FAE /* Main.storyboard in Resources */,
			);
			runOnlyForDeploymentPostprocessing = 0;
		};
/* End PBXResourcesBuildPhase section */

/* Begin PBXSourcesBuildPhase section */
		82C0CBF7222581D600E31FAE /* Sources */ = {
			isa = PBXSourcesBuildPhase;
			buildActionMask = 2147483647;
			files = (
				82C0CC03222581D600E31FAE /* ViewController.m in Sources */,
				82C0CC0B222581D700E31FAE /* main.m in Sources */,
				82C0CC00222581D600E31FAE /* AppDelegate.m in Sources */,
			);
			runOnlyForDeploymentPostprocessing = 0;
		};
/* End PBXSourcesBuildPhase section */

/* Begin PBXVariantGroup section */
		82C0CC06222581D700E31FAE /* Main.storyboard */ = {
			isa = PBXVariantGroup;
			children = (
				82C0CC07222581D700E31FAE /* Base */,
			);
			name = Main.storyboard;
			sourceTree = "<group>";
		};
/* End PBXVariantGroup section */

/* Begin XCBuildConfiguration section */
		82C0CC0D222581D700E31FAE /* Debug */ = {
			isa = XCBuildConfiguration;
			buildSettings = {
				ALWAYS_SEARCH_USER_PATHS = NO;
				CLANG_ANALYZER_NONNULL = YES;
				CLANG_ANALYZER_NUMBER_OBJECT_CONVERSION = YES_AGGRESSIVE;
				CLANG_CXX_LANGUAGE_STANDARD = "gnu++14";
				CLANG_CXX_LIBRARY = "libc++";
				CLANG_ENABLE_MODULES = YES;
				CLANG_ENABLE_OBJC_ARC = YES;
				CLANG_ENABLE_OBJC_WEAK = YES;
				CLANG_WARN_BLOCK_CAPTURE_AUTORELEASING = YES;
				CLANG_WARN_BOOL_CONVERSION = YES;
				CLANG_WARN_COMMA = YES;
				CLANG_WARN_CONSTANT_CONVERSION = YES;
				CLANG_WARN_DEPRECATED_OBJC_IMPLEMENTATIONS = YES;
				CLANG_WARN_DIRECT_OBJC_ISA_USAGE = YES_ERROR;
				CLANG_WARN_DOCUMENTATION_COMMENTS = YES;
				CLANG_WARN_EMPTY_BODY = YES;
				CLANG_WARN_ENUM_CONVERSION = YES;
				CLANG_WARN_INFINITE_RECURSION = YES;
				CLANG_WARN_INT_CONVERSION = YES;
				CLANG_WARN_NON_LITERAL_NULL_CONVERSION = YES;
				CLANG_WARN_OBJC_IMPLICIT_RETAIN_SELF = YES;
				CLANG_WARN_OBJC_LITERAL_CONVERSION = YES;
				CLANG_WARN_OBJC_ROOT_CLASS = YES_ERROR;
				CLANG_WARN_RANGE_LOOP_ANALYSIS = YES;
				CLANG_WARN_STRICT_PROTOTYPES = YES;
				CLANG_WARN_SUSPICIOUS_MOVE = YES;
				CLANG_WARN_UNGUARDED_AVAILABILITY = YES_AGGRESSIVE;
				CLANG_WARN_UNREACHABLE_CODE = YES;
				CLANG_WARN__DUPLICATE_METHOD_MATCH = YES;
				CODE_SIGN_IDENTITY = "Mac Developer";
				COPY_PHASE_STRIP = NO;
				DEBUG_INFORMATION_FORMAT = dwarf;
				ENABLE_STRICT_OBJC_MSGSEND = YES;
				ENABLE_TESTABILITY = YES;
				GCC_C_LANGUAGE_STANDARD = gnu11;
				GCC_DYNAMIC_NO_PIC = NO;
				GCC_NO_COMMON_BLOCKS = YES;
				GCC_OPTIMIZATION_LEVEL = 0;
				GCC_PREPROCESSOR_DEFINITIONS = (
					"DEBUG=1",
					"$(inherited)",
				);
				GCC_WARN_64_TO_32_BIT_CONVERSION = YES;
				GCC_WARN_ABOUT_RETURN_TYPE = YES_ERROR;
				GCC_WARN_UNDECLARED_SELECTOR = YES;
				GCC_WARN_UNINITIALIZED_AUTOS = YES_AGGRESSIVE;
				GCC_WARN_UNUSED_FUNCTION = YES;
				GCC_WARN_UNUSED_VARIABLE = YES;
				MACOSX_DEPLOYMENT_TARGET = 10.14;
				MTL_ENABLE_DEBUG_INFO = INCLUDE_SOURCE;
				MTL_FAST_MATH = YES;
				ONLY_ACTIVE_ARCH = YES;
				SDKROOT = macosx;
			};
			name = Debug;
		};
		82C0CC0E222581D700E31FAE /* Release */ = {
			isa = XCBuildConfiguration;
			buildSettings = {
				ALWAYS_SEARCH_USER_PATHS = NO;
				CLANG_ANALYZER_NONNULL = YES;
				CLANG_ANALYZER_NUMBER_OBJECT_CONVERSION = YES_AGGRESSIVE;
				CLANG_CXX_LANGUAGE_STANDARD = "gnu++14";
				CLANG_CXX_LIBRARY = "libc++";
				CLANG_ENABLE_MODULES = YES;
				CLANG_ENABLE_OBJC_ARC = YES;
				CLANG_ENABLE_OBJC_WEAK = YES;
				CLANG_WARN_BLOCK_CAPTURE_AUTORELEASING = YES;
				CLANG_WARN_BOOL_CONVERSION = YES;
				CLANG_WARN_COMMA = YES;
				CLANG_WARN_CONSTANT_CONVERSION = YES;
				CLANG_WARN_DEPRECATED_OBJC_IMPLEMENTATIONS = YES;
				CLANG_WARN_DIRECT_OBJC_ISA_USAGE = YES_ERROR;
				CLANG_WARN_DOCUMENTATION_COMMENTS = YES;
				CLANG_WARN_EMPTY_BODY = YES;
				CLANG_WARN_ENUM_CONVERSION = YES;
				CLANG_WARN_INFINITE_RECURSION = YES;
				CLANG_WARN_INT_CONVERSION = YES;
				CLANG_WARN_NON_LITERAL_NULL_CONVERSION = YES;
				CLANG_WARN_OBJC_IMPLICIT_RETAIN_SELF = YES;
				CLANG_WARN_OBJC_LITERAL_CONVERSION = YES;
				CLANG_WARN_OBJC_ROOT_CLASS = YES_ERROR;
				CLANG_WARN_RANGE_LOOP_ANALYSIS = YES;
				CLANG_WARN_STRICT_PROTOTYPES = YES;
				CLANG_WARN_SUSPICIOUS_MOVE = YES;
				CLANG_WARN_UNGUARDED_AVAILABILITY = YES_AGGRESSIVE;
				CLANG_WARN_UNREACHABLE_CODE = YES;
				CLANG_WARN__DUPLICATE_METHOD_MATCH = YES;
				CODE_SIGN_IDENTITY = "Mac Developer";
				COPY_PHASE_STRIP = NO;
				DEBUG_INFORMATION_FORMAT = "dwarf-with-dsym";
				ENABLE_NS_ASSERTIONS = NO;
				ENABLE_STRICT_OBJC_MSGSEND = YES;
				GCC_C_LANGUAGE_STANDARD = gnu11;
				GCC_NO_COMMON_BLOCKS = YES;
				GCC_WARN_64_TO_32_BIT_CONVERSION = YES;
				GCC_WARN_ABOUT_RETURN_TYPE = YES_ERROR;
				GCC_WARN_UNDECLARED_SELECTOR = YES;
				GCC_WARN_UNINITIALIZED_AUTOS = YES_AGGRESSIVE;
				GCC_WARN_UNUSED_FUNCTION = YES;
				GCC_WARN_UNUSED_VARIABLE = YES;
				MACOSX_DEPLOYMENT_TARGET = 10.14;
				MTL_ENABLE_DEBUG_INFO = NO;
				MTL_FAST_MATH = YES;
				SDKROOT = macosx;
			};
			name = Release;
		};
		82C0CC10222581D700E31FAE /* Debug */ = {
			isa = XCBuildConfiguration;
			buildSettings = {
				ASSETCATALOG_COMPILER_APPICON_NAME = AppIcon;
				CODE_SIGN_ENTITLEMENTS = Executeshellcommond/Executeshellcommond.entitlements;
				CODE_SIGN_STYLE = Automatic;
				COMBINE_HIDPI_IMAGES = YES;
				DEVELOPMENT_TEAM = Z5746XC6B4;
				INFOPLIST_FILE = Executeshellcommond/Info.plist;
				LD_RUNPATH_SEARCH_PATHS = (
					"$(inherited)",
					"@executable_path/../Frameworks",
				);
				PRODUCT_BUNDLE_IDENTIFIER = com.mason.Executeshellcommond;
				PRODUCT_NAME = "$(TARGET_NAME)";
			};
			name = Debug;
		};
		82C0CC11222581D700E31FAE /* Release */ = {
			isa = XCBuildConfiguration;
			buildSettings = {
				ASSETCATALOG_COMPILER_APPICON_NAME = AppIcon;
				CODE_SIGN_ENTITLEMENTS = Executeshellcommond/Executeshellcommond.entitlements;
				CODE_SIGN_STYLE = Automatic;
				COMBINE_HIDPI_IMAGES = YES;
				DEVELOPMENT_TEAM = Z5746XC6B4;
				INFOPLIST_FILE = Executeshellcommond/Info.plist;
				LD_RUNPATH_SEARCH_PATHS = (
					"$(inherited)",
					"@executable_path/../Frameworks",
				);
				PRODUCT_BUNDLE_IDENTIFIER = com.mason.Executeshellcommond;
				PRODUCT_NAME = "$(TARGET_NAME)";
			};
			name = Release;
		};
/* End XCBuildConfiguration section */

/* Begin XCConfigurationList section */
		82C0CBF6222581D600E31FAE /* Build configuration list for PBXProject "Executeshellcommond" */ = {
			isa = XCConfigurationList;
			buildConfigurations = (
				82C0CC0D222581D700E31FAE /* Debug */,
				82C0CC0E222581D700E31FAE /* Release */,
			);
			defaultConfigurationIsVisible = 0;
			defaultConfigurationName = Release;
		};
		82C0CC0F222581D700E31FAE /* Build configuration list for PBXNativeTarget "Executeshellcommond" */ = {
			isa = XCConfigurationList;
			buildConfigurations = (
				82C0CC10222581D700E31FAE /* Debug */,
				82C0CC11222581D700E31FAE /* Release */,
			);
			defaultConfigurationIsVisible = 0;
			defaultConfigurationName = Release;
		};
/* End XCConfigurationList section */
	};
	rootObject = 82C0CBF3222581D600E31FAE /* Project object */;
}
